
Microsoft Visual Studio Solution File, Format Version 12.00
# Visual Studio Version 17
VisualStudioVersion = 17.14.36414.22 d17.14
MinimumVisualStudioVersion = 10.0.40219.1
Project("{FAE04EC0-301F-11D3-BF4B-00C04F79EFBC}") = "Dirscord_Bot", "Dirscord_Bot.csproj", "{3EB99C24-F987-4443-83D9-80B4BA16146B}"
EndProject
Global
	GlobalSection(SolutionConfigurationPlatforms) = preSolution
		Debug|Any CPU = Debug|Any CPU
		Release|Any CPU = Release|Any CPU
	EndGlobalSection
	GlobalSection(ProjectConfigurationPlatforms) = postSolution
		{3EB99C24-F987-4443-83D9-80B4BA16146B}.Debug|Any CPU.ActiveCfg = Debug|Any CPU
		{3EB99C24-F987-4443-83D9-80B4BA16146B}.Debug|Any CPU.Build.0 = Debug|Any CPU
		{3EB99C24-F987-4443-83D9-80B4BA16146B}.Release|Any CPU.ActiveCfg = Release|Any CPU
		{3EB99C24-F987-4443-83D9-80B4BA16146B}.Release|Any CPU.Build.0 = Release|Any CPU
	EndGlobalSection
	GlobalSection(SolutionProperties) = preSolution
		HideSolutionNode = FALSE
	EndGlobalSection
	GlobalSection(ExtensibilityGlobals) = postSolution
		SolutionGuid = {7435DDF8-F7C7-4712-9008-69044C0B6CE2}
	EndGlobalSection
EndGlobal
